// !$*UTF8*$!
{
	archiveVersion = 1;
	classes = {
	};
	objectVersion = 77;
	objects = {

/* Begin PBXBuildFile section */
		002E894085A1205658FC7A5B /* Models.swift in Sources */ = {isa = PBXBuildFile; fileRef = F4CD925CA7A704A07C1A93F4 /* Models.swift */; };
		061161320DB6544DE16650CF /* OnboardingFlow.swift in Sources */ = {isa = PBXBuildFile; fileRef = 99ECD3DAB268493B2DF132FF /* OnboardingFlow.swift */; };
		09995FA90839CD6F1D1D1702 /* RoonAPIClient.swift in Sources */ = {isa = PBXBuildFile; fileRef = 9B2BF1D4054E0C1E47D10C0A /* RoonAPIClient.swift */; };
		21B60FAF3BB65CB406DF19FC /* SearchViews.swift in Sources */ = {isa = PBXBuildFile; fileRef = 4814FEAE30516219F5ED8F68 /* SearchViews.swift */; };
		2B3BB42CB747B809A396F8F6 /* BonjourDiscovery.swift in Sources */ = {isa = PBXBuildFile; fileRef = D4D92F6106CCC0E905A0665C /* BonjourDiscovery.swift */; };
		43062E38FE8FD95A9A6FCA27 /* Theme.swift in Sources */ = {isa = PBXBuildFile; fileRef = A111F24DBFE4E98B06B0E140 /* Theme.swift */; };
		45403E597B935611457A6527 /* NowPlayingView.swift in Sources */ = {isa = PBXBuildFile; fileRef = 0A7E852AEB4C63B4E939283D /* NowPlayingView.swift */; };
		596941B788CE6631746A7E0E /* MockStore.swift in Sources */ = {isa = PBXBuildFile; fileRef = 2AE17D25F7DC793302FC135B /* MockStore.swift */; };
		5C219942F732AAF89127B85B /* LibraryViews.swift in Sources */ = {isa = PBXBuildFile; fileRef = E3AB5E20236375416F21B172 /* LibraryViews.swift */; };
		66FA0671E0ECDC1F1EEDDE90 /* Theme.swift in Sources */ = {isa = PBXBuildFile; fileRef = A111F24DBFE4E98B06B0E140 /* Theme.swift */; };
		6B16278C6389EA4D84AE1C00 /* Assets.xcassets in Resources */ = {isa = PBXBuildFile; fileRef = 5803354A53F4E76B9554B232 /* Assets.xcassets */; };
		8CB4229075787CC02B3FEBB1 /* RoonRemoteApp.swift in Sources */ = {isa = PBXBuildFile; fileRef = B895799574E60D21626345F2 /* RoonRemoteApp.swift */; };
		8D41AF696B6304473C14FE3D /* RootView.swift in Sources */ = {isa = PBXBuildFile; fileRef = D38E999F7921AA6BB8403FC7 /* RootView.swift */; };
		9FCB9A834208D5DA0569A458 /* KeychainStore.swift in Sources */ = {isa = PBXBuildFile; fileRef = 4F1E40CD7B16597224C17356 /* KeychainStore.swift */; };
		BBD5A6FC8FD5B59499268B48 /* NowPlayingSheets.swift in Sources */ = {isa = PBXBuildFile; fileRef = 9040857289F79EBCF894FFDE /* NowPlayingSheets.swift */; };
		BE221C540C1A2BAD86000D5C /* SettingsView.swift in Sources */ = {isa = PBXBuildFile; fileRef = AC17B2323BEB8BE438F3955A /* SettingsView.swift */; };
		E68F80420248573C98BAC2B7 /* RoonAPIModels.swift in Sources */ = {isa = PBXBuildFile; fileRef = 9FC7BA9C09527DA7EA7C2F57 /* RoonAPIModels.swift */; };
		EF7E2807BDD87B9C4A082CD1 /* WatchApp.swift in Sources */ = {isa = PBXBuildFile; fileRef = A97C1EA62154B94FECA419F8 /* WatchApp.swift */; };
		F1CF64E9E17F9947219A9C01 /* Assets.xcassets in Resources */ = {isa = PBXBuildFile; fileRef = 2AB82B2D1AE6DD3384F3FF82 /* Assets.xcassets */; };
/* End PBXBuildFile section */

/* Begin PBXFileReference section */
		0A7E852AEB4C63B4E939283D /* NowPlayingView.swift */ = {isa = PBXFileReference; lastKnownFileType = sourcecode.swift; path = NowPlayingView.swift; sourceTree = "<group>"; };
		2AB82B2D1AE6DD3384F3FF82 /* Assets.xcassets */ = {isa = PBXFileReference; lastKnownFileType = folder.assetcatalog; path = Assets.xcassets; sourceTree = "<group>"; };
		2AE17D25F7DC793302FC135B /* MockStore.swift */ = {isa = PBXFileReference; lastKnownFileType = sourcecode.swift; path = MockStore.swift; sourceTree = "<group>"; };
		4814FEAE30516219F5ED8F68 /* SearchViews.swift */ = {isa = PBXFileReference; lastKnownFileType = sourcecode.swift; path = SearchViews.swift; sourceTree = "<group>"; };
		4F1E40CD7B16597224C17356 /* KeychainStore.swift */ = {isa = PBXFileReference; lastKnownFileType = sourcecode.swift; path = KeychainStore.swift; sourceTree = "<group>"; };
		5803354A53F4E76B9554B232 /* Assets.xcassets */ = {isa = PBXFileReference; lastKnownFileType = folder.assetcatalog; path = Assets.xcassets; sourceTree = "<group>"; };
		78EC37C6E30577680508614E /* Roon Remote.app */ = {isa = PBXFileReference; explicitFileType = wrapper.application; includeInIndex = 0; path = "Roon Remote.app"; sourceTree = BUILT_PRODUCTS_DIR; };
		9040857289F79EBCF894FFDE /* NowPlayingSheets.swift */ = {isa = PBXFileReference; lastKnownFileType = sourcecode.swift; path = NowPlayingSheets.swift; sourceTree = "<group>"; };
		99ECD3DAB268493B2DF132FF /* OnboardingFlow.swift */ = {isa = PBXFileReference; lastKnownFileType = sourcecode.swift; path = OnboardingFlow.swift; sourceTree = "<group>"; };
		9B2BF1D4054E0C1E47D10C0A /* RoonAPIClient.swift */ = {isa = PBXFileReference; lastKnownFileType = sourcecode.swift; path = RoonAPIClient.swift; sourceTree = "<group>"; };
		9FC7BA9C09527DA7EA7C2F57 /* RoonAPIModels.swift */ = {isa = PBXFileReference; lastKnownFileType = sourcecode.swift; path = RoonAPIModels.swift; sourceTree = "<group>"; };
		A111F24DBFE4E98B06B0E140 /* Theme.swift */ = {isa = PBXFileReference; lastKnownFileType = sourcecode.swift; path = Theme.swift; sourceTree = "<group>"; };
		A97C1EA62154B94FECA419F8 /* WatchApp.swift */ = {isa = PBXFileReference; lastKnownFileType = sourcecode.swift; path = WatchApp.swift; sourceTree = "<group>"; };
		AC17B2323BEB8BE438F3955A /* SettingsView.swift */ = {isa = PBXFileReference; lastKnownFileType = sourcecode.swift; path = SettingsView.swift; sourceTree = "<group>"; };
		B895799574E60D21626345F2 /* RoonRemoteApp.swift */ = {isa = PBXFileReference; lastKnownFileType = sourcecode.swift; path = RoonRemoteApp.swift; sourceTree = "<group>"; };
		C82F953539BF55800236CA9A /* RoonRemoteWatch.app */ = {isa = PBXFileReference; explicitFileType = wrapper.application; includeInIndex = 0; name = RoonRemoteWatch.app; path = Roon.app; sourceTree = BUILT_PRODUCTS_DIR; };
		D38E999F7921AA6BB8403FC7 /* RootView.swift */ = {isa = PBXFileReference; lastKnownFileType = sourcecode.swift; path = RootView.swift; sourceTree = "<group>"; };
		D4D92F6106CCC0E905A0665C /* BonjourDiscovery.swift */ = {isa = PBXFileReference; lastKnownFileType = sourcecode.swift; path = BonjourDiscovery.swift; sourceTree = "<group>"; };
		E3AB5E20236375416F21B172 /* LibraryViews.swift */ = {isa = PBXFileReference; lastKnownFileType = sourcecode.swift; path = LibraryViews.swift; sourceTree = "<group>"; };
		F4CD925CA7A704A07C1A93F4 /* Models.swift */ = {isa = PBXFileReference; lastKnownFileType = sourcecode.swift; path = Models.swift; sourceTree = "<group>"; };
/* End PBXFileReference section */

/* Begin PBXGroup section */
		1A2719353E2F538E0BADB9E7 /* RoonRemote */ = {
			isa = PBXGroup;
			children = (
				2AB82B2D1AE6DD3384F3FF82 /* Assets.xcassets */,
				E3AB5E20236375416F21B172 /* LibraryViews.swift */,
				2AE17D25F7DC793302FC135B /* MockStore.swift */,
				F4CD925CA7A704A07C1A93F4 /* Models.swift */,
				9040857289F79EBCF894FFDE /* NowPlayingSheets.swift */,
				0A7E852AEB4C63B4E939283D /* NowPlayingView.swift */,
				99ECD3DAB268493B2DF132FF /* OnboardingFlow.swift */,
				B895799574E60D21626345F2 /* RoonRemoteApp.swift */,
				D38E999F7921AA6BB8403FC7 /* RootView.swift */,
				4814FEAE30516219F5ED8F68 /* SearchViews.swift */,
				AC17B2323BEB8BE438F3955A /* SettingsView.swift */,
				BE048B8AFBC186ABF845EBA5 /* API */,
			);
			path = RoonRemote;
			sourceTree = "<group>";
		};
		32F70187F02D42DA657CAF0A /* Shared */ = {
			isa = PBXGroup;
			children = (
				A111F24DBFE4E98B06B0E140 /* Theme.swift */,
			);
			path = Shared;
			sourceTree = "<group>";
		};
		582D9B359127088A7B33CA42 /* Products */ = {
			isa = PBXGroup;
			children = (
				78EC37C6E30577680508614E /* Roon Remote.app */,
				C82F953539BF55800236CA9A /* RoonRemoteWatch.app */,
			);
			name = Products;
			sourceTree = "<group>";
		};
		7A314C0BC5ACA61A3F28199C /* RoonRemoteWatch */ = {
			isa = PBXGroup;
			children = (
				5803354A53F4E76B9554B232 /* Assets.xcassets */,
				A97C1EA62154B94FECA419F8 /* WatchApp.swift */,
			);
			path = RoonRemoteWatch;
			sourceTree = "<group>";
		};
		96E204E7B24274AB5F4646FC = {
			isa = PBXGroup;
			children = (
				1A2719353E2F538E0BADB9E7 /* RoonRemote */,
				7A314C0BC5ACA61A3F28199C /* RoonRemoteWatch */,
				32F70187F02D42DA657CAF0A /* Shared */,
				582D9B359127088A7B33CA42 /* Products */,
			);
			sourceTree = "<group>";
		};
		BE048B8AFBC186ABF845EBA5 /* API */ = {
			isa = PBXGroup;
			children = (
				D4D92F6106CCC0E905A0665C /* BonjourDiscovery.swift */,
				4F1E40CD7B16597224C17356 /* KeychainStore.swift */,
				9B2BF1D4054E0C1E47D10C0A /* RoonAPIClient.swift */,
				9FC7BA9C09527DA7EA7C2F57 /* RoonAPIModels.swift */,
			);
			path = API;
			sourceTree = "<group>";
		};
/* End PBXGroup section */

/* Begin PBXNativeTarget section */
		989182402A69166E8E230D88 /* RoonRemoteWatch */ = {
			isa = PBXNativeTarget;
			buildConfigurationList = 88D26600D1610326DEF7A74B /* Build configuration list for PBXNativeTarget "RoonRemoteWatch" */;
			buildPhases = (
				4F7E390D0516AF8240CEC2B8 /* Sources */,
				AE0C67DDBDBBDC856E85047F /* Resources */,
			);
			buildRules = (
			);
			dependencies = (
			);
			name = RoonRemoteWatch;
			packageProductDependencies = (
			);
			productName = RoonRemoteWatch;
			productReference = C82F953539BF55800236CA9A /* RoonRemoteWatch.app */;
			productType = "com.apple.product-type.application";
		};
		DEA0488C852F27408F183911 /* RoonRemote */ = {
			isa = PBXNativeTarget;
			buildConfigurationList = 7D476941A61B78D455B108F8 /* Build configuration list for PBXNativeTarget "RoonRemote" */;
			buildPhases = (
				716E2C2D21433579862ED4C7 /* Sources */,
				02B3B0332CDDC14325BC4299 /* Resources */,
			);
			buildRules = (
			);
			dependencies = (
			);
			name = RoonRemote;
			packageProductDependencies = (
			);
			productName = RoonRemote;
			productReference = 78EC37C6E30577680508614E /* Roon Remote.app */;
			productType = "com.apple.product-type.application";
		};
/* End PBXNativeTarget section */

/* Begin PBXProject section */
		C9E23412C38A36CF9486780B /* Project object */ = {
			isa = PBXProject;
			attributes = {
				BuildIndependentTargetsInParallel = YES;
				LastUpgradeCheck = 1430;
				TargetAttributes = {
					989182402A69166E8E230D88 = {
						DevelopmentTeam = "";
						ProvisioningStyle = Automatic;
					};
					DEA0488C852F27408F183911 = {
						ProvisioningStyle = Automatic;
					};
				};
			};
			buildConfigurationList = 6F85C32FC805C779D8BE9C28 /* Build configuration list for PBXProject "RoonRemote" */;
			developmentRegion = en;
			hasScannedForEncodings = 0;
			knownRegions = (
				Base,
				en,
			);
			mainGroup = 96E204E7B24274AB5F4646FC;
			minimizedProjectReferenceProxies = 1;
			preferredProjectObjectVersion = 77;
			productRefGroup = 582D9B359127088A7B33CA42 /* Products */;
			projectDirPath = "";
			projectRoot = "";
			targets = (
				DEA0488C852F27408F183911 /* RoonRemote */,
				989182402A69166E8E230D88 /* RoonRemoteWatch */,
			);
		};
/* End PBXProject section */

/* Begin PBXResourcesBuildPhase section */
		02B3B0332CDDC14325BC4299 /* Resources */ = {
			isa = PBXResourcesBuildPhase;
			buildActionMask = 2147483647;
			files = (
				F1CF64E9E17F9947219A9C01 /* Assets.xcassets in Resources */,
			);
			runOnlyForDeploymentPostprocessing = 0;
		};
		AE0C67DDBDBBDC856E85047F /* Resources */ = {
			isa = PBXResourcesBuildPhase;
			buildActionMask = 2147483647;
			files = (
				6B16278C6389EA4D84AE1C00 /* Assets.xcassets in Resources */,
			);
			runOnlyForDeploymentPostprocessing = 0;
		};
/* End PBXResourcesBuildPhase section */

/* Begin PBXSourcesBuildPhase section */
		4F7E390D0516AF8240CEC2B8 /* Sources */ = {
			isa = PBXSourcesBuildPhase;
			buildActionMask = 2147483647;
			files = (
				66FA0671E0ECDC1F1EEDDE90 /* Theme.swift in Sources */,
				EF7E2807BDD87B9C4A082CD1 /* WatchApp.swift in Sources */,
			);
			runOnlyForDeploymentPostprocessing = 0;
		};
		716E2C2D21433579862ED4C7 /* Sources */ = {
			isa = PBXSourcesBuildPhase;
			buildActionMask = 2147483647;
			files = (
				2B3BB42CB747B809A396F8F6 /* BonjourDiscovery.swift in Sources */,
				9FCB9A834208D5DA0569A458 /* KeychainStore.swift in Sources */,
				5C219942F732AAF89127B85B /* LibraryViews.swift in Sources */,
				596941B788CE6631746A7E0E /* MockStore.swift in Sources */,
				002E894085A1205658FC7A5B /* Models.swift in Sources */,
				BBD5A6FC8FD5B59499268B48 /* NowPlayingSheets.swift in Sources */,
				45403E597B935611457A6527 /* NowPlayingView.swift in Sources */,
				061161320DB6544DE16650CF /* OnboardingFlow.swift in Sources */,
				09995FA90839CD6F1D1D1702 /* RoonAPIClient.swift in Sources */,
				E68F80420248573C98BAC2B7 /* RoonAPIModels.swift in Sources */,
				8CB4229075787CC02B3FEBB1 /* RoonRemoteApp.swift in Sources */,
				8D41AF696B6304473C14FE3D /* RootView.swift in Sources */,
				21B60FAF3BB65CB406DF19FC /* SearchViews.swift in Sources */,
				BE221C540C1A2BAD86000D5C /* SettingsView.swift in Sources */,
				43062E38FE8FD95A9A6FCA27 /* Theme.swift in Sources */,
			);
			runOnlyForDeploymentPostprocessing = 0;
		};
/* End PBXSourcesBuildPhase section */

/* Begin XCBuildConfiguration section */
		295269B95493FF6DFE7A60AA /* Release */ = {
			isa = XCBuildConfiguration;
			buildSettings = {
				ASSETCATALOG_COMPILER_APPICON_NAME = AppIcon;
				CODE_SIGN_STYLE = Automatic;
				DEVELOPMENT_TEAM = "";
				GENERATE_INFOPLIST_FILE = YES;
				INFOPLIST_FILE = RoonRemoteWatch/Info.plist;
				PRODUCT_BUNDLE_IDENTIFIER = com.djehring.roonremote.watchkitapp;
				PRODUCT_NAME = Roon;
				SDKROOT = watchos;
				SKIP_INSTALL = YES;
				TARGETED_DEVICE_FAMILY = 4;
			};
			name = Release;
		};
		67D2DDD860A4BD7EAB6B4FCF /* Release */ = {
			isa = XCBuildConfiguration;
			buildSettings = {
				ALWAYS_SEARCH_USER_PATHS = NO;
				CLANG_ANALYZER_NONNULL = YES;
				CLANG_ANALYZER_NUMBER_OBJECT_CONVERSION = YES_AGGRESSIVE;
				CLANG_CXX_LANGUAGE_STANDARD = "gnu++14";
				CLANG_CXX_LIBRARY = "libc++";
				CLANG_ENABLE_MODULES = YES;
				CLANG_ENABLE_OBJC_ARC = YES;
				CLANG_ENABLE_OBJC_WEAK = YES;
				CLANG_WARN_BLOCK_CAPTURE_AUTORELEASING = YES;
				CLANG_WARN_BOOL_CONVERSION = YES;
				CLANG_WARN_COMMA = YES;
				CLANG_WARN_CONSTANT_CONVERSION = YES;
				CLANG_WARN_DEPRECATED_OBJC_IMPLEMENTATIONS = YES;
				CLANG_WARN_DIRECT_OBJC_ISA_USAGE = YES_ERROR;
				CLANG_WARN_DOCUMENTATION_COMMENTS = YES;
				CLANG_WARN_EMPTY_BODY = YES;
				CLANG_WARN_ENUM_CONVERSION = YES;
				CLANG_WARN_INFINITE_RECURSION = YES;
				CLANG_WARN_INT_CONVERSION = YES;
				CLANG_WARN_NON_LITERAL_NULL_CONVERSION = YES;
				CLANG_WARN_OBJC_IMPLICIT_RETAIN_SELF = YES;
				CLANG_WARN_OBJC_LITERAL_CONVERSION = YES;
				CLANG_WARN_OBJC_ROOT_CLASS = YES_ERROR;
				CLANG_WARN_QUOTED_INCLUDE_IN_FRAMEWORK_HEADER = YES;
				CLANG_WARN_RANGE_LOOP_ANALYSIS = YES;
				CLANG_WARN_STRICT_PROTOTYPES = YES;
				CLANG_WARN_SUSPICIOUS_MOVE = YES;
				CLANG_WARN_UNGUARDED_AVAILABILITY = YES_AGGRESSIVE;
				CLANG_WARN_UNREACHABLE_CODE = YES;
				CLANG_WARN__DUPLICATE_METHOD_MATCH = YES;
				COPY_PHASE_STRIP = NO;
				CURRENT_PROJECT_VERSION = 1;
				DEBUG_INFORMATION_FORMAT = "dwarf-with-dsym";
				ENABLE_NS_ASSERTIONS = NO;
				ENABLE_STRICT_OBJC_MSGSEND = YES;
				GCC_C_LANGUAGE_STANDARD = gnu11;
				GCC_NO_COMMON_BLOCKS = YES;
				GCC_WARN_64_TO_32_BIT_CONVERSION = YES;
				GCC_WARN_ABOUT_RETURN_TYPE = YES_ERROR;
				GCC_WARN_UNDECLARED_SELECTOR = YES;
				GCC_WARN_UNINITIALIZED_AUTOS = YES_AGGRESSIVE;
				GCC_WARN_UNUSED_FUNCTION = YES;
				GCC_WARN_UNUSED_VARIABLE = YES;
				IPHONEOS_DEPLOYMENT_TARGET = 18.0;
				MARKETING_VERSION = 0.1.0;
				MTL_ENABLE_DEBUG_INFO = NO;
				MTL_FAST_MATH = YES;
				PRODUCT_NAME = "$(TARGET_NAME)";
				SWIFT_COMPILATION_MODE = wholemodule;
				SWIFT_OPTIMIZATION_LEVEL = "-O";
				SWIFT_VERSION = 5.0;
				WATCHOS_DEPLOYMENT_TARGET = 11.0;
			};
			name = Release;
		};
		6B70690C97AE9ABC5984063E /* Debug */ = {
			isa = XCBuildConfiguration;
			buildSettings = {
				ALWAYS_SEARCH_USER_PATHS = NO;
				CLANG_ANALYZER_NONNULL = YES;
				CLANG_ANALYZER_NUMBER_OBJECT_CONVERSION = YES_AGGRESSIVE;
				CLANG_CXX_LANGUAGE_STANDARD = "gnu++14";
				CLANG_CXX_LIBRARY = "libc++";
				CLANG_ENABLE_MODULES = YES;
				CLANG_ENABLE_OBJC_ARC = YES;
				CLANG_ENABLE_OBJC_WEAK = YES;
				CLANG_WARN_BLOCK_CAPTURE_AUTORELEASING = YES;
				CLANG_WARN_BOOL_CONVERSION = YES;
				CLANG_WARN_COMMA = YES;
				CLANG_WARN_CONSTANT_CONVERSION = YES;
				CLANG_WARN_DEPRECATED_OBJC_IMPLEMENTATIONS = YES;
				CLANG_WARN_DIRECT_OBJC_ISA_USAGE = YES_ERROR;
				CLANG_WARN_DOCUMENTATION_COMMENTS = YES;
				CLANG_WARN_EMPTY_BODY = YES;
				CLANG_WARN_ENUM_CONVERSION = YES;
				CLANG_WARN_INFINITE_RECURSION = YES;
				CLANG_WARN_INT_CONVERSION = YES;
				CLANG_WARN_NON_LITERAL_NULL_CONVERSION = YES;
				CLANG_WARN_OBJC_IMPLICIT_RETAIN_SELF = YES;
				CLANG_WARN_OBJC_LITERAL_CONVERSION = YES;
				CLANG_WARN_OBJC_ROOT_CLASS = YES_ERROR;
				CLANG_WARN_QUOTED_INCLUDE_IN_FRAMEWORK_HEADER = YES;
				CLANG_WARN_RANGE_LOOP_ANALYSIS = YES;
				CLANG_WARN_STRICT_PROTOTYPES = YES;
				CLANG_WARN_SUSPICIOUS_MOVE = YES;
				CLANG_WARN_UNGUARDED_AVAILABILITY = YES_AGGRESSIVE;
				CLANG_WARN_UNREACHABLE_CODE = YES;
				CLANG_WARN__DUPLICATE_METHOD_MATCH = YES;
				COPY_PHASE_STRIP = NO;
				CURRENT_PROJECT_VERSION = 1;
				DEBUG_INFORMATION_FORMAT = dwarf;
				ENABLE_STRICT_OBJC_MSGSEND = YES;
				ENABLE_TESTABILITY = YES;
				GCC_C_LANGUAGE_STANDARD = gnu11;
				GCC_DYNAMIC_NO_PIC = NO;
				GCC_NO_COMMON_BLOCKS = YES;
				GCC_OPTIMIZATION_LEVEL = 0;
				GCC_PREPROCESSOR_DEFINITIONS = (
					"$(inherited)",
					"DEBUG=1",
				);
				GCC_WARN_64_TO_32_BIT_CONVERSION = YES;
				GCC_WARN_ABOUT_RETURN_TYPE = YES_ERROR;
				GCC_WARN_UNDECLARED_SELECTOR = YES;
				GCC_WARN_UNINITIALIZED_AUTOS = YES_AGGRESSIVE;
				GCC_WARN_UNUSED_FUNCTION = YES;
				GCC_WARN_UNUSED_VARIABLE = YES;
				IPHONEOS_DEPLOYMENT_TARGET = 18.0;
				MARKETING_VERSION = 0.1.0;
				MTL_ENABLE_DEBUG_INFO = INCLUDE_SOURCE;
				MTL_FAST_MATH = YES;
				ONLY_ACTIVE_ARCH = YES;
				PRODUCT_NAME = "$(TARGET_NAME)";
				SWIFT_ACTIVE_COMPILATION_CONDITIONS = DEBUG;
				SWIFT_OPTIMIZATION_LEVEL = "-Onone";
				SWIFT_VERSION = 5.0;
				WATCHOS_DEPLOYMENT_TARGET = 11.0;
			};
			name = Debug;
		};
		A7B8748EB30B24BB190C24AC /* Release */ = {
			isa = XCBuildConfiguration;
			buildSettings = {
				ASSETCATALOG_COMPILER_APPICON_NAME = AppIcon;
				ASSETCATALOG_COMPILER_GLOBAL_ACCENT_COLOR_NAME = AccentColor;
				CODE_SIGN_IDENTITY = "iPhone Developer";
				CODE_SIGN_STYLE = Automatic;
				DEVELOPMENT_TEAM = 37A49A3WRU;
				GENERATE_INFOPLIST_FILE = YES;
				INFOPLIST_FILE = RoonRemote/Info.plist;
				LD_RUNPATH_SEARCH_PATHS = (
					"$(inherited)",
					"@executable_path/Frameworks",
				);
				PRODUCT_BUNDLE_IDENTIFIER = com.djehring.roonremote;
				PRODUCT_NAME = "Roon Remote";
				SDKROOT = iphoneos;
				SUPPORTS_MACCATALYST = NO;
				TARGETED_DEVICE_FAMILY = "1,2";
			};
			name = Release;
		};
		A95FDB36C5344B71C4F9B4B1 /* Debug */ = {
			isa = XCBuildConfiguration;
			buildSettings = {
				ASSETCATALOG_COMPILER_APPICON_NAME = AppIcon;
				ASSETCATALOG_COMPILER_GLOBAL_ACCENT_COLOR_NAME = AccentColor;
				CODE_SIGN_IDENTITY = "iPhone Developer";
				CODE_SIGN_STYLE = Automatic;
				DEVELOPMENT_TEAM = 37A49A3WRU;
				GENERATE_INFOPLIST_FILE = YES;
				INFOPLIST_FILE = RoonRemote/Info.plist;
				LD_RUNPATH_SEARCH_PATHS = (
					"$(inherited)",
					"@executable_path/Frameworks",
				);
				PRODUCT_BUNDLE_IDENTIFIER = com.djehring.roonremote;
				PRODUCT_NAME = "Roon Remote";
				SDKROOT = iphoneos;
				SUPPORTS_MACCATALYST = NO;
				TARGETED_DEVICE_FAMILY = "1,2";
			};
			name = Debug;
		};
		C2A28180251344C3673ACC22 /* Debug */ = {
			isa = XCBuildConfiguration;
			buildSettings = {
				ASSETCATALOG_COMPILER_APPICON_NAME = AppIcon;
				CODE_SIGN_STYLE = Automatic;
				DEVELOPMENT_TEAM = "";
				GENERATE_INFOPLIST_FILE = YES;
				INFOPLIST_FILE = RoonRemoteWatch/Info.plist;
				PRODUCT_BUNDLE_IDENTIFIER = com.djehring.roonremote.watchkitapp;
				PRODUCT_NAME = Roon;
				SDKROOT = watchos;
				SKIP_INSTALL = YES;
				TARGETED_DEVICE_FAMILY = 4;
			};
			name = Debug;
		};
/* End XCBuildConfiguration section */

/* Begin XCConfigurationList section */
		6F85C32FC805C779D8BE9C28 /* Build configuration list for PBXProject "RoonRemote" */ = {
			isa = XCConfigurationList;
			buildConfigurations = (
				6B70690C97AE9ABC5984063E /* Debug */,
				67D2DDD860A4BD7EAB6B4FCF /* Release */,
			);
			defaultConfigurationIsVisible = 0;
			defaultConfigurationName = Debug;
		};
		7D476941A61B78D455B108F8 /* Build configuration list for PBXNativeTarget "RoonRemote" */ = {
			isa = XCConfigurationList;
			buildConfigurations = (
				A95FDB36C5344B71C4F9B4B1 /* Debug */,
				A7B8748EB30B24BB190C24AC /* Release */,
			);
			defaultConfigurationIsVisible = 0;
			defaultConfigurationName = Debug;
		};
		88D26600D1610326DEF7A74B /* Build configuration list for PBXNativeTarget "RoonRemoteWatch" */ = {
			isa = XCConfigurationList;
			buildConfigurations = (
				C2A28180251344C3673ACC22 /* Debug */,
				295269B95493FF6DFE7A60AA /* Release */,
			);
			defaultConfigurationIsVisible = 0;
			defaultConfigurationName = Debug;
		};
/* End XCConfigurationList section */
	};
	rootObject = C9E23412C38A36CF9486780B /* Project object */;
}
