// !$*UTF8*$!
{
	archiveVersion = 1;
	classes = {
	};
	objectVersion = 77;
	objects = {

/* Begin PBXBuildFile section */
		002E894085A1205658FC7A5B /* Models.swift in Sources */ = {isa = PBXBuildFile; fileRef = F4CD925CA7A704A07C1A93F4 /* Models.swift */; };
		03882B4209A659F450A93828 /* RoonAPIClient.swift in Sources */ = {isa = PBXBuildFile; fileRef = 9B2BF1D4054E0C1E47D10C0A /* RoonAPIClient.swift */; };
		05DDDC42F39E7CCCEDD41AA4 /* TVOnboarding.swift in Sources */ = {isa = PBXBuildFile; fileRef = 755E9E17278FFFCC2E1044D1 /* TVOnboarding.swift */; };
		061161320DB6544DE16650CF /* OnboardingFlow.swift in Sources */ = {isa = PBXBuildFile; fileRef = 99ECD3DAB268493B2DF132FF /* OnboardingFlow.swift */; };
		0954C51BF85B98DF2BAA2F36 /* TVRootView.swift in Sources */ = {isa = PBXBuildFile; fileRef = 82B2CC55BE424A41335C8BAD /* TVRootView.swift */; };
		09995FA90839CD6F1D1D1702 /* RoonAPIClient.swift in Sources */ = {isa = PBXBuildFile; fileRef = 9B2BF1D4054E0C1E47D10C0A /* RoonAPIClient.swift */; };
		0AB4F42477FB66F1C1374948 /* TVLibraryView.swift in Sources */ = {isa = PBXBuildFile; fileRef = FDF18A3204F7E657E19AC108 /* TVLibraryView.swift */; };
		0D4DF40D729FB8EC9B20ED33 /* TVSettingsView.swift in Sources */ = {isa = PBXBuildFile; fileRef = 13C78ADDBB2A3F66E2B9CCE0 /* TVSettingsView.swift */; };
		1134E0E879601513D081BA55 /* ArtworkCache.swift in Sources */ = {isa = PBXBuildFile; fileRef = FBCBD324662E2195A39A21D8 /* ArtworkCache.swift */; };
		1350ACEB4796A64EA9D7F437 /* Layout.swift in Sources */ = {isa = PBXBuildFile; fileRef = 23BEADFB2D74AE470C4AE825 /* Layout.swift */; };
		141C0EF0F8582DE346E1C540 /* Theme.swift in Sources */ = {isa = PBXBuildFile; fileRef = A111F24DBFE4E98B06B0E140 /* Theme.swift */; };
		14D20892A4BD928CB792959E /* RoonRemoteWatch.app in Embed Watch Content */ = {isa = PBXBuildFile; fileRef = C82F953539BF55800236CA9A /* RoonRemoteWatch.app */; settings = {ATTRIBUTES = (CodeSignOnCopy, RemoveHeadersOnCopy, ); }; };
		14FE90A189DC425EAD2CAEA4 /* WatchPayload.swift in Sources */ = {isa = PBXBuildFile; fileRef = 2C593B07F14E89605669C1AD /* WatchPayload.swift */; };
		1EF21BEA5BE9F8993BCEF636 /* Theme.swift in Sources */ = {isa = PBXBuildFile; fileRef = A111F24DBFE4E98B06B0E140 /* Theme.swift */; };
		1F9CAD48A41AB0D65F6E59AB /* RoonRemoteWatchWidgets.appex in Embed Foundation Extensions */ = {isa = PBXBuildFile; fileRef = 37EDEEDE12F5D89A0A6067BE /* RoonRemoteWatchWidgets.appex */; settings = {ATTRIBUTES = (CodeSignOnCopy, RemoveHeadersOnCopy, ); }; };
		21B60FAF3BB65CB406DF19FC /* SearchViews.swift in Sources */ = {isa = PBXBuildFile; fileRef = 4814FEAE30516219F5ED8F68 /* SearchViews.swift */; };
		29B0F3BB91C57B1509C5A44F /* BonjourDiscovery.swift in Sources */ = {isa = PBXBuildFile; fileRef = D4D92F6106CCC0E905A0665C /* BonjourDiscovery.swift */; };
		2B3BB42CB747B809A396F8F6 /* BonjourDiscovery.swift in Sources */ = {isa = PBXBuildFile; fileRef = D4D92F6106CCC0E905A0665C /* BonjourDiscovery.swift */; };
		43062E38FE8FD95A9A6FCA27 /* Theme.swift in Sources */ = {isa = PBXBuildFile; fileRef = A111F24DBFE4E98B06B0E140 /* Theme.swift */; };
		4489F2943DF12FA6F3696FBE /* MockStore.swift in Sources */ = {isa = PBXBuildFile; fileRef = 2AE17D25F7DC793302FC135B /* MockStore.swift */; };
		45403E597B935611457A6527 /* NowPlayingView.swift in Sources */ = {isa = PBXBuildFile; fileRef = 0A7E852AEB4C63B4E939283D /* NowPlayingView.swift */; };
		47CA655DA014563C0B5C0453 /* KeychainStore.swift in Sources */ = {isa = PBXBuildFile; fileRef = 4F1E40CD7B16597224C17356 /* KeychainStore.swift */; };
		480E1D7C7736B63518BFC2D2 /* SiriPlayIntent.swift in Sources */ = {isa = PBXBuildFile; fileRef = 2DC1F81F99B1FEDFEFD13C0D /* SiriPlayIntent.swift */; };
		4C72C889A6A1C2B5ACB097EE /* ArtworkCache.swift in Sources */ = {isa = PBXBuildFile; fileRef = FBCBD324662E2195A39A21D8 /* ArtworkCache.swift */; };
		596941B788CE6631746A7E0E /* MockStore.swift in Sources */ = {isa = PBXBuildFile; fileRef = 2AE17D25F7DC793302FC135B /* MockStore.swift */; };
		5C219942F732AAF89127B85B /* LibraryViews.swift in Sources */ = {isa = PBXBuildFile; fileRef = E3AB5E20236375416F21B172 /* LibraryViews.swift */; };
		60AE18E68F7B440C98FA91B6 /* Assets.xcassets in Resources */ = {isa = PBXBuildFile; fileRef = 34BDEF88D54EB957842C41A5 /* Assets.xcassets */; };
		66FA0671E0ECDC1F1EEDDE90 /* Theme.swift in Sources */ = {isa = PBXBuildFile; fileRef = A111F24DBFE4E98B06B0E140 /* Theme.swift */; };
		6B16278C6389EA4D84AE1C00 /* Assets.xcassets in Resources */ = {isa = PBXBuildFile; fileRef = 5803354A53F4E76B9554B232 /* Assets.xcassets */; };
		6D1CC430F193F56AC602C25A /* ArtworkCache.swift in Sources */ = {isa = PBXBuildFile; fileRef = FBCBD324662E2195A39A21D8 /* ArtworkCache.swift */; };
		7C9F6032D7477422E1D2CC5D /* WatchPayload.swift in Sources */ = {isa = PBXBuildFile; fileRef = 2C593B07F14E89605669C1AD /* WatchPayload.swift */; };
		8135F3C33E1EF00080593AE7 /* ArtworkCache.swift in Sources */ = {isa = PBXBuildFile; fileRef = FBCBD324662E2195A39A21D8 /* ArtworkCache.swift */; };
		8CB4229075787CC02B3FEBB1 /* RoonRemoteApp.swift in Sources */ = {isa = PBXBuildFile; fileRef = B895799574E60D21626345F2 /* RoonRemoteApp.swift */; };
		8D41AF696B6304473C14FE3D /* RootView.swift in Sources */ = {isa = PBXBuildFile; fileRef = D38E999F7921AA6BB8403FC7 /* RootView.swift */; };
		9FCB9A834208D5DA0569A458 /* KeychainStore.swift in Sources */ = {isa = PBXBuildFile; fileRef = 4F1E40CD7B16597224C17356 /* KeychainStore.swift */; };
		A6D77AD78F7BAAF57A83B899 /* Models.swift in Sources */ = {isa = PBXBuildFile; fileRef = F4CD925CA7A704A07C1A93F4 /* Models.swift */; };
		B310534543957D8347DEB85F /* TVPrimaryButton.swift in Sources */ = {isa = PBXBuildFile; fileRef = 12F02C3B294AFD9980DEE669 /* TVPrimaryButton.swift */; };
		B397D3150764D71B8E7A6C16 /* TVNowPlayingSheets.swift in Sources */ = {isa = PBXBuildFile; fileRef = 528C1553E1FA5E8BA2BC9DD8 /* TVNowPlayingSheets.swift */; };
		B80D386BEA1D8073967BF6DE /* Assets.xcassets in Resources */ = {isa = PBXBuildFile; fileRef = F8F1CDAFEAD563A05DD2A3EE /* Assets.xcassets */; };
		BBD5A6FC8FD5B59499268B48 /* NowPlayingSheets.swift in Sources */ = {isa = PBXBuildFile; fileRef = 9040857289F79EBCF894FFDE /* NowPlayingSheets.swift */; };
		BE221C540C1A2BAD86000D5C /* SettingsView.swift in Sources */ = {isa = PBXBuildFile; fileRef = AC17B2323BEB8BE438F3955A /* SettingsView.swift */; };
		BE56D73B7DB6FB0D2EB510EC /* ArtworkCacheTests.swift in Sources */ = {isa = PBXBuildFile; fileRef = D1E4774198ED6EE2A7CC091C /* ArtworkCacheTests.swift */; };
		C59E170BB27ADEAA8413A98C /* WatchStore.swift in Sources */ = {isa = PBXBuildFile; fileRef = 8C1283D159767D98835D1EB6 /* WatchStore.swift */; };
		C5EDBF95A1E19AF624A53628 /* TVSearchView.swift in Sources */ = {isa = PBXBuildFile; fileRef = 7188ADDF1853116C4EF3C301 /* TVSearchView.swift */; };
		C9BCCC80478638CF5BAC5C95 /* RoonAPIModels.swift in Sources */ = {isa = PBXBuildFile; fileRef = 9FC7BA9C09527DA7EA7C2F57 /* RoonAPIModels.swift */; };
		CB97143509BB7DCB9796C955 /* TVRoomsView.swift in Sources */ = {isa = PBXBuildFile; fileRef = B33199FF34F69ECC129C7C69 /* TVRoomsView.swift */; };
		D4238F07083DEC5B7DD9B1A0 /* WatchPayload.swift in Sources */ = {isa = PBXBuildFile; fileRef = 2C593B07F14E89605669C1AD /* WatchPayload.swift */; };
		DBCEF94C8DCA24BD22DC4D1D /* RoonWatchWidgets.swift in Sources */ = {isa = PBXBuildFile; fileRef = 4A5BFEBC2EE4BD861BF4FCBB /* RoonWatchWidgets.swift */; };
		E28516659718EAD2006B53B4 /* TVNowPlayingView.swift in Sources */ = {isa = PBXBuildFile; fileRef = 5FE2288D8E5C5EF0FAA8B6D4 /* TVNowPlayingView.swift */; };
		E68F80420248573C98BAC2B7 /* RoonAPIModels.swift in Sources */ = {isa = PBXBuildFile; fileRef = 9FC7BA9C09527DA7EA7C2F57 /* RoonAPIModels.swift */; };
		E7C9DF72A0EB7C8AF9566F6D /* PhoneWatchSync.swift in Sources */ = {isa = PBXBuildFile; fileRef = 794CD25D854C7A16C017574F /* PhoneWatchSync.swift */; };
		EF7E2807BDD87B9C4A082CD1 /* WatchApp.swift in Sources */ = {isa = PBXBuildFile; fileRef = A97C1EA62154B94FECA419F8 /* WatchApp.swift */; };
		F1CF64E9E17F9947219A9C01 /* Assets.xcassets in Resources */ = {isa = PBXBuildFile; fileRef = 2AB82B2D1AE6DD3384F3FF82 /* Assets.xcassets */; };
		F3E1BE3506F4AF0D187F9A1C /* ArtworkCache.swift in Sources */ = {isa = PBXBuildFile; fileRef = FBCBD324662E2195A39A21D8 /* ArtworkCache.swift */; };
		FFFBA5E88C2A88CE37CF6069 /* TVApp.swift in Sources */ = {isa = PBXBuildFile; fileRef = 2AFB1CDA9C5D44EFAF558CDC /* TVApp.swift */; };
/* End PBXBuildFile section */

/* Begin PBXContainerItemProxy section */
		7FD23085EEDE73DD20363A0D /* PBXContainerItemProxy */ = {
			isa = PBXContainerItemProxy;
			containerPortal = C9E23412C38A36CF9486780B /* Project object */;
			proxyType = 1;
			remoteGlobalIDString = 989182402A69166E8E230D88;
			remoteInfo = RoonRemoteWatch;
		};
		EBED3D273197EA9B868AD713 /* PBXContainerItemProxy */ = {
			isa = PBXContainerItemProxy;
			containerPortal = C9E23412C38A36CF9486780B /* Project object */;
			proxyType = 1;
			remoteGlobalIDString = 8E96D2D45CC6B6EEF6052C88;
			remoteInfo = RoonRemoteWatchWidgets;
		};
/* End PBXContainerItemProxy section */

/* Begin PBXCopyFilesBuildPhase section */
		14C50AB08B977B044562FC49 /* Embed Foundation Extensions */ = {
			isa = PBXCopyFilesBuildPhase;
			buildActionMask = 2147483647;
			dstPath = "";
			dstSubfolderSpec = 13;
			files = (
				1F9CAD48A41AB0D65F6E59AB /* RoonRemoteWatchWidgets.appex in Embed Foundation Extensions */,
			);
			name = "Embed Foundation Extensions";
			runOnlyForDeploymentPostprocessing = 0;
		};
		C489FF8A2CF5FBFA6C6B696A /* Embed Watch Content */ = {
			isa = PBXCopyFilesBuildPhase;
			buildActionMask = 2147483647;
			dstPath = "$(CONTENTS_FOLDER_PATH)/Watch";
			dstSubfolderSpec = 16;
			files = (
				14D20892A4BD928CB792959E /* RoonRemoteWatch.app in Embed Watch Content */,
			);
			name = "Embed Watch Content";
			runOnlyForDeploymentPostprocessing = 0;
		};
/* End PBXCopyFilesBuildPhase section */

/* Begin PBXFileReference section */
		0A7E852AEB4C63B4E939283D /* NowPlayingView.swift */ = {isa = PBXFileReference; lastKnownFileType = sourcecode.swift; path = NowPlayingView.swift; sourceTree = "<group>"; };
		12F02C3B294AFD9980DEE669 /* TVPrimaryButton.swift */ = {isa = PBXFileReference; lastKnownFileType = sourcecode.swift; path = TVPrimaryButton.swift; sourceTree = "<group>"; };
		13C78ADDBB2A3F66E2B9CCE0 /* TVSettingsView.swift */ = {isa = PBXFileReference; lastKnownFileType = sourcecode.swift; path = TVSettingsView.swift; sourceTree = "<group>"; };
		23BEADFB2D74AE470C4AE825 /* Layout.swift */ = {isa = PBXFileReference; lastKnownFileType = sourcecode.swift; path = Layout.swift; sourceTree = "<group>"; };
		2AB82B2D1AE6DD3384F3FF82 /* Assets.xcassets */ = {isa = PBXFileReference; lastKnownFileType = folder.assetcatalog; path = Assets.xcassets; sourceTree = "<group>"; };
		2AE17D25F7DC793302FC135B /* MockStore.swift */ = {isa = PBXFileReference; lastKnownFileType = sourcecode.swift; path = MockStore.swift; sourceTree = "<group>"; };
		2AFB1CDA9C5D44EFAF558CDC /* TVApp.swift */ = {isa = PBXFileReference; lastKnownFileType = sourcecode.swift; path = TVApp.swift; sourceTree = "<group>"; };
		2C593B07F14E89605669C1AD /* WatchPayload.swift */ = {isa = PBXFileReference; lastKnownFileType = sourcecode.swift; path = WatchPayload.swift; sourceTree = "<group>"; };
		2DC1F81F99B1FEDFEFD13C0D /* SiriPlayIntent.swift */ = {isa = PBXFileReference; lastKnownFileType = sourcecode.swift; path = SiriPlayIntent.swift; sourceTree = "<group>"; };
		34BDEF88D54EB957842C41A5 /* Assets.xcassets */ = {isa = PBXFileReference; lastKnownFileType = folder.assetcatalog; path = Assets.xcassets; sourceTree = "<group>"; };
		37EDEEDE12F5D89A0A6067BE /* RoonRemoteWatchWidgets.appex */ = {isa = PBXFileReference; explicitFileType = "wrapper.app-extension"; includeInIndex = 0; path = RoonRemoteWatchWidgets.appex; sourceTree = BUILT_PRODUCTS_DIR; };
		4814FEAE30516219F5ED8F68 /* SearchViews.swift */ = {isa = PBXFileReference; lastKnownFileType = sourcecode.swift; path = SearchViews.swift; sourceTree = "<group>"; };
		4A5BFEBC2EE4BD861BF4FCBB /* RoonWatchWidgets.swift */ = {isa = PBXFileReference; lastKnownFileType = sourcecode.swift; path = RoonWatchWidgets.swift; sourceTree = "<group>"; };
		4F1E40CD7B16597224C17356 /* KeychainStore.swift */ = {isa = PBXFileReference; lastKnownFileType = sourcecode.swift; path = KeychainStore.swift; sourceTree = "<group>"; };
		528C1553E1FA5E8BA2BC9DD8 /* TVNowPlayingSheets.swift */ = {isa = PBXFileReference; lastKnownFileType = sourcecode.swift; path = TVNowPlayingSheets.swift; sourceTree = "<group>"; };
		5803354A53F4E76B9554B232 /* Assets.xcassets */ = {isa = PBXFileReference; lastKnownFileType = folder.assetcatalog; path = Assets.xcassets; sourceTree = "<group>"; };
		581604138A659F8F43EAA5B2 /* RoonRemoteWatch.entitlements */ = {isa = PBXFileReference; lastKnownFileType = text.plist.entitlements; path = RoonRemoteWatch.entitlements; sourceTree = "<group>"; };
		5FE2288D8E5C5EF0FAA8B6D4 /* TVNowPlayingView.swift */ = {isa = PBXFileReference; lastKnownFileType = sourcecode.swift; path = TVNowPlayingView.swift; sourceTree = "<group>"; };
		7188ADDF1853116C4EF3C301 /* TVSearchView.swift */ = {isa = PBXFileReference; lastKnownFileType = sourcecode.swift; path = TVSearchView.swift; sourceTree = "<group>"; };
		755E9E17278FFFCC2E1044D1 /* TVOnboarding.swift */ = {isa = PBXFileReference; lastKnownFileType = sourcecode.swift; path = TVOnboarding.swift; sourceTree = "<group>"; };
		78EC37C6E30577680508614E /* RoonRemote.app */ = {isa = PBXFileReference; includeInIndex = 0; lastKnownFileType = wrapper.application; path = RoonRemote.app; sourceTree = BUILT_PRODUCTS_DIR; };
		794CD25D854C7A16C017574F /* PhoneWatchSync.swift */ = {isa = PBXFileReference; lastKnownFileType = sourcecode.swift; path = PhoneWatchSync.swift; sourceTree = "<group>"; };
		827EBF13E8DFB957EFA65453 /* RoonRemoteWatchWidgets.entitlements */ = {isa = PBXFileReference; lastKnownFileType = text.plist.entitlements; path = RoonRemoteWatchWidgets.entitlements; sourceTree = "<group>"; };
		82B2CC55BE424A41335C8BAD /* TVRootView.swift */ = {isa = PBXFileReference; lastKnownFileType = sourcecode.swift; path = TVRootView.swift; sourceTree = "<group>"; };
		8C1283D159767D98835D1EB6 /* WatchStore.swift */ = {isa = PBXFileReference; lastKnownFileType = sourcecode.swift; path = WatchStore.swift; sourceTree = "<group>"; };
		9040857289F79EBCF894FFDE /* NowPlayingSheets.swift */ = {isa = PBXFileReference; lastKnownFileType = sourcecode.swift; path = NowPlayingSheets.swift; sourceTree = "<group>"; };
		99ECD3DAB268493B2DF132FF /* OnboardingFlow.swift */ = {isa = PBXFileReference; lastKnownFileType = sourcecode.swift; path = OnboardingFlow.swift; sourceTree = "<group>"; };
		9B2BF1D4054E0C1E47D10C0A /* RoonAPIClient.swift */ = {isa = PBXFileReference; lastKnownFileType = sourcecode.swift; path = RoonAPIClient.swift; sourceTree = "<group>"; };
		9FC7BA9C09527DA7EA7C2F57 /* RoonAPIModels.swift */ = {isa = PBXFileReference; lastKnownFileType = sourcecode.swift; path = RoonAPIModels.swift; sourceTree = "<group>"; };
		A111F24DBFE4E98B06B0E140 /* Theme.swift */ = {isa = PBXFileReference; lastKnownFileType = sourcecode.swift; path = Theme.swift; sourceTree = "<group>"; };
		A97C1EA62154B94FECA419F8 /* WatchApp.swift */ = {isa = PBXFileReference; lastKnownFileType = sourcecode.swift; path = WatchApp.swift; sourceTree = "<group>"; };
		AC17B2323BEB8BE438F3955A /* SettingsView.swift */ = {isa = PBXFileReference; lastKnownFileType = sourcecode.swift; path = SettingsView.swift; sourceTree = "<group>"; };
		AE762CA4367173308F539C8E /* RoonRemoteTV.app */ = {isa = PBXFileReference; includeInIndex = 0; lastKnownFileType = wrapper.application; path = RoonRemoteTV.app; sourceTree = BUILT_PRODUCTS_DIR; };
		B33199FF34F69ECC129C7C69 /* TVRoomsView.swift */ = {isa = PBXFileReference; lastKnownFileType = sourcecode.swift; path = TVRoomsView.swift; sourceTree = "<group>"; };
		B895799574E60D21626345F2 /* RoonRemoteApp.swift */ = {isa = PBXFileReference; lastKnownFileType = sourcecode.swift; path = RoonRemoteApp.swift; sourceTree = "<group>"; };
		C82F953539BF55800236CA9A /* RoonRemoteWatch.app */ = {isa = PBXFileReference; explicitFileType = wrapper.application; includeInIndex = 0; path = RoonRemoteWatch.app; sourceTree = BUILT_PRODUCTS_DIR; };
		D1E4774198ED6EE2A7CC091C /* ArtworkCacheTests.swift */ = {isa = PBXFileReference; lastKnownFileType = sourcecode.swift; path = ArtworkCacheTests.swift; sourceTree = "<group>"; };
		D38E999F7921AA6BB8403FC7 /* RootView.swift */ = {isa = PBXFileReference; lastKnownFileType = sourcecode.swift; path = RootView.swift; sourceTree = "<group>"; };
		D4D92F6106CCC0E905A0665C /* BonjourDiscovery.swift */ = {isa = PBXFileReference; lastKnownFileType = sourcecode.swift; path = BonjourDiscovery.swift; sourceTree = "<group>"; };
		E3AB5E20236375416F21B172 /* LibraryViews.swift */ = {isa = PBXFileReference; lastKnownFileType = sourcecode.swift; path = LibraryViews.swift; sourceTree = "<group>"; };
		F19655EC02847FD92A59DBE6 /* RoonRemoteTests.xctest */ = {isa = PBXFileReference; includeInIndex = 0; lastKnownFileType = wrapper.cfbundle; path = RoonRemoteTests.xctest; sourceTree = BUILT_PRODUCTS_DIR; };
		F4CD925CA7A704A07C1A93F4 /* Models.swift */ = {isa = PBXFileReference; lastKnownFileType = sourcecode.swift; path = Models.swift; sourceTree = "<group>"; };
		F8F1CDAFEAD563A05DD2A3EE /* Assets.xcassets */ = {isa = PBXFileReference; lastKnownFileType = folder.assetcatalog; path = Assets.xcassets; sourceTree = "<group>"; };
		FBCBD324662E2195A39A21D8 /* ArtworkCache.swift */ = {isa = PBXFileReference; lastKnownFileType = sourcecode.swift; path = ArtworkCache.swift; sourceTree = "<group>"; };
		FDF18A3204F7E657E19AC108 /* TVLibraryView.swift */ = {isa = PBXFileReference; lastKnownFileType = sourcecode.swift; path = TVLibraryView.swift; sourceTree = "<group>"; };
/* End PBXFileReference section */

/* Begin PBXGroup section */
		1225DD755677D5B8DFA36066 /* RoonRemoteTV */ = {
			isa = PBXGroup;
			children = (
				F8F1CDAFEAD563A05DD2A3EE /* Assets.xcassets */,
				2AFB1CDA9C5D44EFAF558CDC /* TVApp.swift */,
				FDF18A3204F7E657E19AC108 /* TVLibraryView.swift */,
				528C1553E1FA5E8BA2BC9DD8 /* TVNowPlayingSheets.swift */,
				5FE2288D8E5C5EF0FAA8B6D4 /* TVNowPlayingView.swift */,
				755E9E17278FFFCC2E1044D1 /* TVOnboarding.swift */,
				12F02C3B294AFD9980DEE669 /* TVPrimaryButton.swift */,
				B33199FF34F69ECC129C7C69 /* TVRoomsView.swift */,
				82B2CC55BE424A41335C8BAD /* TVRootView.swift */,
				7188ADDF1853116C4EF3C301 /* TVSearchView.swift */,
				13C78ADDBB2A3F66E2B9CCE0 /* TVSettingsView.swift */,
			);
			path = RoonRemoteTV;
			sourceTree = "<group>";
		};
		1A2719353E2F538E0BADB9E7 /* RoonRemote */ = {
			isa = PBXGroup;
			children = (
				2AB82B2D1AE6DD3384F3FF82 /* Assets.xcassets */,
				23BEADFB2D74AE470C4AE825 /* Layout.swift */,
				E3AB5E20236375416F21B172 /* LibraryViews.swift */,
				2AE17D25F7DC793302FC135B /* MockStore.swift */,
				F4CD925CA7A704A07C1A93F4 /* Models.swift */,
				9040857289F79EBCF894FFDE /* NowPlayingSheets.swift */,
				0A7E852AEB4C63B4E939283D /* NowPlayingView.swift */,
				99ECD3DAB268493B2DF132FF /* OnboardingFlow.swift */,
				794CD25D854C7A16C017574F /* PhoneWatchSync.swift */,
				B895799574E60D21626345F2 /* RoonRemoteApp.swift */,
				D38E999F7921AA6BB8403FC7 /* RootView.swift */,
				4814FEAE30516219F5ED8F68 /* SearchViews.swift */,
				AC17B2323BEB8BE438F3955A /* SettingsView.swift */,
				2DC1F81F99B1FEDFEFD13C0D /* SiriPlayIntent.swift */,
				BE048B8AFBC186ABF845EBA5 /* API */,
			);
			path = RoonRemote;
			sourceTree = "<group>";
		};
		2A70B895FBA5DA41A5047BCB /* RoonRemoteTests */ = {
			isa = PBXGroup;
			children = (
				D1E4774198ED6EE2A7CC091C /* ArtworkCacheTests.swift */,
			);
			path = RoonRemoteTests;
			sourceTree = "<group>";
		};
		32F70187F02D42DA657CAF0A /* Shared */ = {
			isa = PBXGroup;
			children = (
				FBCBD324662E2195A39A21D8 /* ArtworkCache.swift */,
				A111F24DBFE4E98B06B0E140 /* Theme.swift */,
				2C593B07F14E89605669C1AD /* WatchPayload.swift */,
			);
			path = Shared;
			sourceTree = "<group>";
		};
		582D9B359127088A7B33CA42 /* Products */ = {
			isa = PBXGroup;
			children = (
				78EC37C6E30577680508614E /* RoonRemote.app */,
				F19655EC02847FD92A59DBE6 /* RoonRemoteTests.xctest */,
				AE762CA4367173308F539C8E /* RoonRemoteTV.app */,
				C82F953539BF55800236CA9A /* RoonRemoteWatch.app */,
				37EDEEDE12F5D89A0A6067BE /* RoonRemoteWatchWidgets.appex */,
			);
			name = Products;
			sourceTree = "<group>";
		};
		70FB007050EBD18A10F9A449 /* RoonRemoteWatchWidgets */ = {
			isa = PBXGroup;
			children = (
				34BDEF88D54EB957842C41A5 /* Assets.xcassets */,
				827EBF13E8DFB957EFA65453 /* RoonRemoteWatchWidgets.entitlements */,
				4A5BFEBC2EE4BD861BF4FCBB /* RoonWatchWidgets.swift */,
			);
			path = RoonRemoteWatchWidgets;
			sourceTree = "<group>";
		};
		7A314C0BC5ACA61A3F28199C /* RoonRemoteWatch */ = {
			isa = PBXGroup;
			children = (
				5803354A53F4E76B9554B232 /* Assets.xcassets */,
				581604138A659F8F43EAA5B2 /* RoonRemoteWatch.entitlements */,
				A97C1EA62154B94FECA419F8 /* WatchApp.swift */,
				8C1283D159767D98835D1EB6 /* WatchStore.swift */,
			);
			path = RoonRemoteWatch;
			sourceTree = "<group>";
		};
		96E204E7B24274AB5F4646FC = {
			isa = PBXGroup;
			children = (
				1A2719353E2F538E0BADB9E7 /* RoonRemote */,
				2A70B895FBA5DA41A5047BCB /* RoonRemoteTests */,
				1225DD755677D5B8DFA36066 /* RoonRemoteTV */,
				7A314C0BC5ACA61A3F28199C /* RoonRemoteWatch */,
				70FB007050EBD18A10F9A449 /* RoonRemoteWatchWidgets */,
				32F70187F02D42DA657CAF0A /* Shared */,
				582D9B359127088A7B33CA42 /* Products */,
			);
			sourceTree = "<group>";
		};
		BE048B8AFBC186ABF845EBA5 /* API */ = {
			isa = PBXGroup;
			children = (
				D4D92F6106CCC0E905A0665C /* BonjourDiscovery.swift */,
				4F1E40CD7B16597224C17356 /* KeychainStore.swift */,
				9B2BF1D4054E0C1E47D10C0A /* RoonAPIClient.swift */,
				9FC7BA9C09527DA7EA7C2F57 /* RoonAPIModels.swift */,
			);
			path = API;
			sourceTree = "<group>";
		};
/* End PBXGroup section */

/* Begin PBXNativeTarget section */
		13C6C62DE2C7691371E014A7 /* RoonRemoteTV */ = {
			isa = PBXNativeTarget;
			buildConfigurationList = 3BE680130AE8D2115EE830FD /* Build configuration list for PBXNativeTarget "RoonRemoteTV" */;
			buildPhases = (
				1C2B68F2C84DBE83CDAA2D63 /* Sources */,
				89ADEF52670FEF735C77E6B0 /* Resources */,
			);
			buildRules = (
			);
			dependencies = (
			);
			name = RoonRemoteTV;
			packageProductDependencies = (
			);
			productName = RoonRemoteTV;
			productReference = AE762CA4367173308F539C8E /* RoonRemoteTV.app */;
			productType = "com.apple.product-type.application";
		};
		8E96D2D45CC6B6EEF6052C88 /* RoonRemoteWatchWidgets */ = {
			isa = PBXNativeTarget;
			buildConfigurationList = 58F297500249D40B0EFB9EE4 /* Build configuration list for PBXNativeTarget "RoonRemoteWatchWidgets" */;
			buildPhases = (
				B26651E5BC48E0BCA2343171 /* Sources */,
				65B724486E60AE51E82E528A /* Resources */,
			);
			buildRules = (
			);
			dependencies = (
			);
			name = RoonRemoteWatchWidgets;
			packageProductDependencies = (
			);
			productName = RoonRemoteWatchWidgets;
			productReference = 37EDEEDE12F5D89A0A6067BE /* RoonRemoteWatchWidgets.appex */;
			productType = "com.apple.product-type.app-extension";
		};
		989182402A69166E8E230D88 /* RoonRemoteWatch */ = {
			isa = PBXNativeTarget;
			buildConfigurationList = 88D26600D1610326DEF7A74B /* Build configuration list for PBXNativeTarget "RoonRemoteWatch" */;
			buildPhases = (
				4F7E390D0516AF8240CEC2B8 /* Sources */,
				AE0C67DDBDBBDC856E85047F /* Resources */,
				14C50AB08B977B044562FC49 /* Embed Foundation Extensions */,
			);
			buildRules = (
			);
			dependencies = (
				5E986229FEF9C12F31318C0D /* PBXTargetDependency */,
			);
			name = RoonRemoteWatch;
			packageProductDependencies = (
			);
			productName = RoonRemoteWatch;
			productReference = C82F953539BF55800236CA9A /* RoonRemoteWatch.app */;
			productType = "com.apple.product-type.application";
		};
		AE7F5FE4643313E65EF06C4A /* RoonRemoteTests */ = {
			isa = PBXNativeTarget;
			buildConfigurationList = A70269DAE846DE2FAB4D5D36 /* Build configuration list for PBXNativeTarget "RoonRemoteTests" */;
			buildPhases = (
				4BB4DA06EAD378EA8206F64D /* Sources */,
			);
			buildRules = (
			);
			dependencies = (
			);
			name = RoonRemoteTests;
			packageProductDependencies = (
			);
			productName = RoonRemoteTests;
			productReference = F19655EC02847FD92A59DBE6 /* RoonRemoteTests.xctest */;
			productType = "com.apple.product-type.bundle.unit-test";
		};
		DEA0488C852F27408F183911 /* RoonRemote */ = {
			isa = PBXNativeTarget;
			buildConfigurationList = 7D476941A61B78D455B108F8 /* Build configuration list for PBXNativeTarget "RoonRemote" */;
			buildPhases = (
				716E2C2D21433579862ED4C7 /* Sources */,
				02B3B0332CDDC14325BC4299 /* Resources */,
				C489FF8A2CF5FBFA6C6B696A /* Embed Watch Content */,
			);
			buildRules = (
			);
			dependencies = (
				2E6A71568E14C566E21DDB77 /* PBXTargetDependency */,
			);
			name = RoonRemote;
			packageProductDependencies = (
			);
			productName = RoonRemote;
			productReference = 78EC37C6E30577680508614E /* RoonRemote.app */;
			productType = "com.apple.product-type.application";
		};
/* End PBXNativeTarget section */

/* Begin PBXProject section */
		C9E23412C38A36CF9486780B /* Project object */ = {
			isa = PBXProject;
			attributes = {
				BuildIndependentTargetsInParallel = YES;
				LastUpgradeCheck = 1430;
				TargetAttributes = {
					13C6C62DE2C7691371E014A7 = {
						DevelopmentTeam = 37A49A3WRU;
						ProvisioningStyle = Automatic;
					};
					8E96D2D45CC6B6EEF6052C88 = {
						DevelopmentTeam = "";
						ProvisioningStyle = Automatic;
					};
					989182402A69166E8E230D88 = {
						DevelopmentTeam = "";
						ProvisioningStyle = Automatic;
					};
					AE7F5FE4643313E65EF06C4A = {
						DevelopmentTeam = "";
						ProvisioningStyle = Automatic;
					};
					DEA0488C852F27408F183911 = {
						DevelopmentTeam = "";
						ProvisioningStyle = Automatic;
					};
				};
			};
			buildConfigurationList = 6F85C32FC805C779D8BE9C28 /* Build configuration list for PBXProject "RoonRemote" */;
			developmentRegion = en;
			hasScannedForEncodings = 0;
			knownRegions = (
				Base,
				en,
			);
			mainGroup = 96E204E7B24274AB5F4646FC;
			minimizedProjectReferenceProxies = 1;
			preferredProjectObjectVersion = 77;
			productRefGroup = 582D9B359127088A7B33CA42 /* Products */;
			projectDirPath = "";
			projectRoot = "";
			targets = (
				DEA0488C852F27408F183911 /* RoonRemote */,
				AE7F5FE4643313E65EF06C4A /* RoonRemoteTests */,
				989182402A69166E8E230D88 /* RoonRemoteWatch */,
				8E96D2D45CC6B6EEF6052C88 /* RoonRemoteWatchWidgets */,
				13C6C62DE2C7691371E014A7 /* RoonRemoteTV */,
			);
		};
/* End PBXProject section */

/* Begin PBXResourcesBuildPhase section */
		02B3B0332CDDC14325BC4299 /* Resources */ = {
			isa = PBXResourcesBuildPhase;
			buildActionMask = 2147483647;
			files = (
				F1CF64E9E17F9947219A9C01 /* Assets.xcassets in Resources */,
			);
			runOnlyForDeploymentPostprocessing = 0;
		};
		65B724486E60AE51E82E528A /* Resources */ = {
			isa = PBXResourcesBuildPhase;
			buildActionMask = 2147483647;
			files = (
				60AE18E68F7B440C98FA91B6 /* Assets.xcassets in Resources */,
			);
			runOnlyForDeploymentPostprocessing = 0;
		};
		89ADEF52670FEF735C77E6B0 /* Resources */ = {
			isa = PBXResourcesBuildPhase;
			buildActionMask = 2147483647;
			files = (
				B80D386BEA1D8073967BF6DE /* Assets.xcassets in Resources */,
			);
			runOnlyForDeploymentPostprocessing = 0;
		};
		AE0C67DDBDBBDC856E85047F /* Resources */ = {
			isa = PBXResourcesBuildPhase;
			buildActionMask = 2147483647;
			files = (
				6B16278C6389EA4D84AE1C00 /* Assets.xcassets in Resources */,
			);
			runOnlyForDeploymentPostprocessing = 0;
		};
/* End PBXResourcesBuildPhase section */

/* Begin PBXSourcesBuildPhase section */
		1C2B68F2C84DBE83CDAA2D63 /* Sources */ = {
			isa = PBXSourcesBuildPhase;
			buildActionMask = 2147483647;
			files = (
				1134E0E879601513D081BA55 /* ArtworkCache.swift in Sources */,
				29B0F3BB91C57B1509C5A44F /* BonjourDiscovery.swift in Sources */,
				47CA655DA014563C0B5C0453 /* KeychainStore.swift in Sources */,
				4489F2943DF12FA6F3696FBE /* MockStore.swift in Sources */,
				A6D77AD78F7BAAF57A83B899 /* Models.swift in Sources */,
				03882B4209A659F450A93828 /* RoonAPIClient.swift in Sources */,
				C9BCCC80478638CF5BAC5C95 /* RoonAPIModels.swift in Sources */,
				FFFBA5E88C2A88CE37CF6069 /* TVApp.swift in Sources */,
				0AB4F42477FB66F1C1374948 /* TVLibraryView.swift in Sources */,
				B397D3150764D71B8E7A6C16 /* TVNowPlayingSheets.swift in Sources */,
				E28516659718EAD2006B53B4 /* TVNowPlayingView.swift in Sources */,
				05DDDC42F39E7CCCEDD41AA4 /* TVOnboarding.swift in Sources */,
				B310534543957D8347DEB85F /* TVPrimaryButton.swift in Sources */,
				CB97143509BB7DCB9796C955 /* TVRoomsView.swift in Sources */,
				0954C51BF85B98DF2BAA2F36 /* TVRootView.swift in Sources */,
				C5EDBF95A1E19AF624A53628 /* TVSearchView.swift in Sources */,
				0D4DF40D729FB8EC9B20ED33 /* TVSettingsView.swift in Sources */,
				141C0EF0F8582DE346E1C540 /* Theme.swift in Sources */,
			);
			runOnlyForDeploymentPostprocessing = 0;
		};
		4BB4DA06EAD378EA8206F64D /* Sources */ = {
			isa = PBXSourcesBuildPhase;
			buildActionMask = 2147483647;
			files = (
				6D1CC430F193F56AC602C25A /* ArtworkCache.swift in Sources */,
				BE56D73B7DB6FB0D2EB510EC /* ArtworkCacheTests.swift in Sources */,
			);
			runOnlyForDeploymentPostprocessing = 0;
		};
		4F7E390D0516AF8240CEC2B8 /* Sources */ = {
			isa = PBXSourcesBuildPhase;
			buildActionMask = 2147483647;
			files = (
				8135F3C33E1EF00080593AE7 /* ArtworkCache.swift in Sources */,
				66FA0671E0ECDC1F1EEDDE90 /* Theme.swift in Sources */,
				EF7E2807BDD87B9C4A082CD1 /* WatchApp.swift in Sources */,
				D4238F07083DEC5B7DD9B1A0 /* WatchPayload.swift in Sources */,
				C59E170BB27ADEAA8413A98C /* WatchStore.swift in Sources */,
			);
			runOnlyForDeploymentPostprocessing = 0;
		};
		716E2C2D21433579862ED4C7 /* Sources */ = {
			isa = PBXSourcesBuildPhase;
			buildActionMask = 2147483647;
			files = (
				4C72C889A6A1C2B5ACB097EE /* ArtworkCache.swift in Sources */,
				2B3BB42CB747B809A396F8F6 /* BonjourDiscovery.swift in Sources */,
				9FCB9A834208D5DA0569A458 /* KeychainStore.swift in Sources */,
				1350ACEB4796A64EA9D7F437 /* Layout.swift in Sources */,
				5C219942F732AAF89127B85B /* LibraryViews.swift in Sources */,
				596941B788CE6631746A7E0E /* MockStore.swift in Sources */,
				002E894085A1205658FC7A5B /* Models.swift in Sources */,
				BBD5A6FC8FD5B59499268B48 /* NowPlayingSheets.swift in Sources */,
				45403E597B935611457A6527 /* NowPlayingView.swift in Sources */,
				061161320DB6544DE16650CF /* OnboardingFlow.swift in Sources */,
				E7C9DF72A0EB7C8AF9566F6D /* PhoneWatchSync.swift in Sources */,
				09995FA90839CD6F1D1D1702 /* RoonAPIClient.swift in Sources */,
				E68F80420248573C98BAC2B7 /* RoonAPIModels.swift in Sources */,
				8CB4229075787CC02B3FEBB1 /* RoonRemoteApp.swift in Sources */,
				8D41AF696B6304473C14FE3D /* RootView.swift in Sources */,
				21B60FAF3BB65CB406DF19FC /* SearchViews.swift in Sources */,
				BE221C540C1A2BAD86000D5C /* SettingsView.swift in Sources */,
				480E1D7C7736B63518BFC2D2 /* SiriPlayIntent.swift in Sources */,
				43062E38FE8FD95A9A6FCA27 /* Theme.swift in Sources */,
				14FE90A189DC425EAD2CAEA4 /* WatchPayload.swift in Sources */,
			);
			runOnlyForDeploymentPostprocessing = 0;
		};
		B26651E5BC48E0BCA2343171 /* Sources */ = {
			isa = PBXSourcesBuildPhase;
			buildActionMask = 2147483647;
			files = (
				F3E1BE3506F4AF0D187F9A1C /* ArtworkCache.swift in Sources */,
				DBCEF94C8DCA24BD22DC4D1D /* RoonWatchWidgets.swift in Sources */,
				1EF21BEA5BE9F8993BCEF636 /* Theme.swift in Sources */,
				7C9F6032D7477422E1D2CC5D /* WatchPayload.swift in Sources */,
			);
			runOnlyForDeploymentPostprocessing = 0;
		};
/* End PBXSourcesBuildPhase section */

/* Begin PBXTargetDependency section */
		2E6A71568E14C566E21DDB77 /* PBXTargetDependency */ = {
			isa = PBXTargetDependency;
			target = 989182402A69166E8E230D88 /* RoonRemoteWatch */;
			targetProxy = 7FD23085EEDE73DD20363A0D /* PBXContainerItemProxy */;
		};
		5E986229FEF9C12F31318C0D /* PBXTargetDependency */ = {
			isa = PBXTargetDependency;
			target = 8E96D2D45CC6B6EEF6052C88 /* RoonRemoteWatchWidgets */;
			targetProxy = EBED3D273197EA9B868AD713 /* PBXContainerItemProxy */;
		};
/* End PBXTargetDependency section */

/* Begin XCBuildConfiguration section */
		2246048486B5CBEB012D1A55 /* Release */ = {
			isa = XCBuildConfiguration;
			buildSettings = {
				BUNDLE_LOADER = "$(TEST_HOST)";
				CODE_SIGN_STYLE = Automatic;
				DEVELOPMENT_TEAM = "";
				GENERATE_INFOPLIST_FILE = YES;
				LD_RUNPATH_SEARCH_PATHS = (
					"$(inherited)",
					"@executable_path/Frameworks",
					"@loader_path/Frameworks",
				);
				PRODUCT_BUNDLE_IDENTIFIER = com.djehring.roonremote.tests;
				SDKROOT = iphoneos;
				TARGETED_DEVICE_FAMILY = "1,2";
			};
			name = Release;
		};
		22B0057F028ADCA6CF855F5B /* Release */ = {
			isa = XCBuildConfiguration;
			buildSettings = {
				CODE_SIGN_ENTITLEMENTS = RoonRemoteWatchWidgets/RoonRemoteWatchWidgets.entitlements;
				CODE_SIGN_STYLE = Automatic;
				DEVELOPMENT_TEAM = "";
				GENERATE_INFOPLIST_FILE = YES;
				INFOPLIST_FILE = RoonRemoteWatchWidgets/Info.plist;
				LD_RUNPATH_SEARCH_PATHS = "$(inherited) @executable_path/Frameworks @executable_path/../../Frameworks";
				PRODUCT_BUNDLE_IDENTIFIER = com.djehring.roonremote.watchkitapp.widgets;
				PRODUCT_NAME = RoonWatchWidgets;
				SDKROOT = watchos;
				SKIP_INSTALL = YES;
				TARGETED_DEVICE_FAMILY = 4;
			};
			name = Release;
		};
		295269B95493FF6DFE7A60AA /* Release */ = {
			isa = XCBuildConfiguration;
			buildSettings = {
				ASSETCATALOG_COMPILER_APPICON_NAME = AppIcon;
				CODE_SIGN_ENTITLEMENTS = RoonRemoteWatch/RoonRemoteWatch.entitlements;
				CODE_SIGN_STYLE = Automatic;
				DEVELOPMENT_TEAM = "";
				GENERATE_INFOPLIST_FILE = YES;
				INFOPLIST_FILE = RoonRemoteWatch/Info.plist;
				PRODUCT_BUNDLE_IDENTIFIER = com.djehring.roonremote.watchkitapp;
				PRODUCT_NAME = Roon;
				SDKROOT = watchos;
				SKIP_INSTALL = YES;
				TARGETED_DEVICE_FAMILY = 4;
			};
			name = Release;
		};
		3C83385752C6BDE094F49DAB /* Debug */ = {
			isa = XCBuildConfiguration;
			buildSettings = {
				ASSETCATALOG_COMPILER_APPICON_NAME = "App Icon & Top Shelf Image";
				ASSETCATALOG_COMPILER_GLOBAL_ACCENT_COLOR_NAME = AccentColor;
				ASSETCATALOG_COMPILER_LAUNCHIMAGE_NAME = LaunchImage;
				CODE_SIGN_STYLE = Automatic;
				DEVELOPMENT_TEAM = 37A49A3WRU;
				ENABLE_ON_DEMAND_RESOURCES = NO;
				GENERATE_INFOPLIST_FILE = YES;
				INFOPLIST_FILE = RoonRemoteTV/Info.plist;
				LD_RUNPATH_SEARCH_PATHS = (
					"$(inherited)",
					"@executable_path/Frameworks",
				);
				PRODUCT_BUNDLE_IDENTIFIER = com.djehring.roonremote.tv;
				PRODUCT_NAME = RoonRemoteTV;
				SDKROOT = appletvos;
				TARGETED_DEVICE_FAMILY = 3;
			};
			name = Debug;
		};
		608A7F7F802B694D350C775A /* Debug */ = {
			isa = XCBuildConfiguration;
			buildSettings = {
				CODE_SIGN_ENTITLEMENTS = RoonRemoteWatchWidgets/RoonRemoteWatchWidgets.entitlements;
				CODE_SIGN_STYLE = Automatic;
				DEVELOPMENT_TEAM = "";
				GENERATE_INFOPLIST_FILE = YES;
				INFOPLIST_FILE = RoonRemoteWatchWidgets/Info.plist;
				LD_RUNPATH_SEARCH_PATHS = "$(inherited) @executable_path/Frameworks @executable_path/../../Frameworks";
				PRODUCT_BUNDLE_IDENTIFIER = com.djehring.roonremote.watchkitapp.widgets;
				PRODUCT_NAME = RoonWatchWidgets;
				SDKROOT = watchos;
				SKIP_INSTALL = YES;
				TARGETED_DEVICE_FAMILY = 4;
			};
			name = Debug;
		};
		67D2DDD860A4BD7EAB6B4FCF /* Release */ = {
			isa = XCBuildConfiguration;
			buildSettings = {
				ALWAYS_SEARCH_USER_PATHS = NO;
				CLANG_ANALYZER_NONNULL = YES;
				CLANG_ANALYZER_NUMBER_OBJECT_CONVERSION = YES_AGGRESSIVE;
				CLANG_CXX_LANGUAGE_STANDARD = "gnu++14";
				CLANG_CXX_LIBRARY = "libc++";
				CLANG_ENABLE_MODULES = YES;
				CLANG_ENABLE_OBJC_ARC = YES;
				CLANG_ENABLE_OBJC_WEAK = YES;
				CLANG_WARN_BLOCK_CAPTURE_AUTORELEASING = YES;
				CLANG_WARN_BOOL_CONVERSION = YES;
				CLANG_WARN_COMMA = YES;
				CLANG_WARN_CONSTANT_CONVERSION = YES;
				CLANG_WARN_DEPRECATED_OBJC_IMPLEMENTATIONS = YES;
				CLANG_WARN_DIRECT_OBJC_ISA_USAGE = YES_ERROR;
				CLANG_WARN_DOCUMENTATION_COMMENTS = YES;
				CLANG_WARN_EMPTY_BODY = YES;
				CLANG_WARN_ENUM_CONVERSION = YES;
				CLANG_WARN_INFINITE_RECURSION = YES;
				CLANG_WARN_INT_CONVERSION = YES;
				CLANG_WARN_NON_LITERAL_NULL_CONVERSION = YES;
				CLANG_WARN_OBJC_IMPLICIT_RETAIN_SELF = YES;
				CLANG_WARN_OBJC_LITERAL_CONVERSION = YES;
				CLANG_WARN_OBJC_ROOT_CLASS = YES_ERROR;
				CLANG_WARN_QUOTED_INCLUDE_IN_FRAMEWORK_HEADER = YES;
				CLANG_WARN_RANGE_LOOP_ANALYSIS = YES;
				CLANG_WARN_STRICT_PROTOTYPES = YES;
				CLANG_WARN_SUSPICIOUS_MOVE = YES;
				CLANG_WARN_UNGUARDED_AVAILABILITY = YES_AGGRESSIVE;
				CLANG_WARN_UNREACHABLE_CODE = YES;
				CLANG_WARN__DUPLICATE_METHOD_MATCH = YES;
				COPY_PHASE_STRIP = NO;
				CURRENT_PROJECT_VERSION = 1;
				DEBUG_INFORMATION_FORMAT = "dwarf-with-dsym";
				ENABLE_NS_ASSERTIONS = NO;
				ENABLE_STRICT_OBJC_MSGSEND = YES;
				GCC_C_LANGUAGE_STANDARD = gnu11;
				GCC_NO_COMMON_BLOCKS = YES;
				GCC_WARN_64_TO_32_BIT_CONVERSION = YES;
				GCC_WARN_ABOUT_RETURN_TYPE = YES_ERROR;
				GCC_WARN_UNDECLARED_SELECTOR = YES;
				GCC_WARN_UNINITIALIZED_AUTOS = YES_AGGRESSIVE;
				GCC_WARN_UNUSED_FUNCTION = YES;
				GCC_WARN_UNUSED_VARIABLE = YES;
				IPHONEOS_DEPLOYMENT_TARGET = 18.0;
				MARKETING_VERSION = 0.1.0;
				MTL_ENABLE_DEBUG_INFO = NO;
				MTL_FAST_MATH = YES;
				PRODUCT_NAME = "$(TARGET_NAME)";
				SWIFT_COMPILATION_MODE = wholemodule;
				SWIFT_OPTIMIZATION_LEVEL = "-O";
				SWIFT_VERSION = 5.0;
				TVOS_DEPLOYMENT_TARGET = 18.0;
				WATCHOS_DEPLOYMENT_TARGET = 11.0;
			};
			name = Release;
		};
		6B70690C97AE9ABC5984063E /* Debug */ = {
			isa = XCBuildConfiguration;
			buildSettings = {
				ALWAYS_SEARCH_USER_PATHS = NO;
				CLANG_ANALYZER_NONNULL = YES;
				CLANG_ANALYZER_NUMBER_OBJECT_CONVERSION = YES_AGGRESSIVE;
				CLANG_CXX_LANGUAGE_STANDARD = "gnu++14";
				CLANG_CXX_LIBRARY = "libc++";
				CLANG_ENABLE_MODULES = YES;
				CLANG_ENABLE_OBJC_ARC = YES;
				CLANG_ENABLE_OBJC_WEAK = YES;
				CLANG_WARN_BLOCK_CAPTURE_AUTORELEASING = YES;
				CLANG_WARN_BOOL_CONVERSION = YES;
				CLANG_WARN_COMMA = YES;
				CLANG_WARN_CONSTANT_CONVERSION = YES;
				CLANG_WARN_DEPRECATED_OBJC_IMPLEMENTATIONS = YES;
				CLANG_WARN_DIRECT_OBJC_ISA_USAGE = YES_ERROR;
				CLANG_WARN_DOCUMENTATION_COMMENTS = YES;
				CLANG_WARN_EMPTY_BODY = YES;
				CLANG_WARN_ENUM_CONVERSION = YES;
				CLANG_WARN_INFINITE_RECURSION = YES;
				CLANG_WARN_INT_CONVERSION = YES;
				CLANG_WARN_NON_LITERAL_NULL_CONVERSION = YES;
				CLANG_WARN_OBJC_IMPLICIT_RETAIN_SELF = YES;
				CLANG_WARN_OBJC_LITERAL_CONVERSION = YES;
				CLANG_WARN_OBJC_ROOT_CLASS = YES_ERROR;
				CLANG_WARN_QUOTED_INCLUDE_IN_FRAMEWORK_HEADER = YES;
				CLANG_WARN_RANGE_LOOP_ANALYSIS = YES;
				CLANG_WARN_STRICT_PROTOTYPES = YES;
				CLANG_WARN_SUSPICIOUS_MOVE = YES;
				CLANG_WARN_UNGUARDED_AVAILABILITY = YES_AGGRESSIVE;
				CLANG_WARN_UNREACHABLE_CODE = YES;
				CLANG_WARN__DUPLICATE_METHOD_MATCH = YES;
				COPY_PHASE_STRIP = NO;
				CURRENT_PROJECT_VERSION = 1;
				DEBUG_INFORMATION_FORMAT = dwarf;
				ENABLE_STRICT_OBJC_MSGSEND = YES;
				ENABLE_TESTABILITY = YES;
				GCC_C_LANGUAGE_STANDARD = gnu11;
				GCC_DYNAMIC_NO_PIC = NO;
				GCC_NO_COMMON_BLOCKS = YES;
				GCC_OPTIMIZATION_LEVEL = 0;
				GCC_PREPROCESSOR_DEFINITIONS = (
					"$(inherited)",
					"DEBUG=1",
				);
				GCC_WARN_64_TO_32_BIT_CONVERSION = YES;
				GCC_WARN_ABOUT_RETURN_TYPE = YES_ERROR;
				GCC_WARN_UNDECLARED_SELECTOR = YES;
				GCC_WARN_UNINITIALIZED_AUTOS = YES_AGGRESSIVE;
				GCC_WARN_UNUSED_FUNCTION = YES;
				GCC_WARN_UNUSED_VARIABLE = YES;
				IPHONEOS_DEPLOYMENT_TARGET = 18.0;
				MARKETING_VERSION = 0.1.0;
				MTL_ENABLE_DEBUG_INFO = INCLUDE_SOURCE;
				MTL_FAST_MATH = YES;
				ONLY_ACTIVE_ARCH = YES;
				PRODUCT_NAME = "$(TARGET_NAME)";
				SWIFT_ACTIVE_COMPILATION_CONDITIONS = DEBUG;
				SWIFT_OPTIMIZATION_LEVEL = "-Onone";
				SWIFT_VERSION = 5.0;
				TVOS_DEPLOYMENT_TARGET = 18.0;
				WATCHOS_DEPLOYMENT_TARGET = 11.0;
			};
			name = Debug;
		};
		8DECF43E1BDDD8CD48671945 /* Debug */ = {
			isa = XCBuildConfiguration;
			buildSettings = {
				BUNDLE_LOADER = "$(TEST_HOST)";
				CODE_SIGN_STYLE = Automatic;
				DEVELOPMENT_TEAM = "";
				GENERATE_INFOPLIST_FILE = YES;
				LD_RUNPATH_SEARCH_PATHS = (
					"$(inherited)",
					"@executable_path/Frameworks",
					"@loader_path/Frameworks",
				);
				PRODUCT_BUNDLE_IDENTIFIER = com.djehring.roonremote.tests;
				SDKROOT = iphoneos;
				TARGETED_DEVICE_FAMILY = "1,2";
			};
			name = Debug;
		};
		8FBE321B5EC9F7ABD6D0F285 /* Release */ = {
			isa = XCBuildConfiguration;
			buildSettings = {
				ASSETCATALOG_COMPILER_APPICON_NAME = "App Icon & Top Shelf Image";
				ASSETCATALOG_COMPILER_GLOBAL_ACCENT_COLOR_NAME = AccentColor;
				ASSETCATALOG_COMPILER_LAUNCHIMAGE_NAME = LaunchImage;
				CODE_SIGN_STYLE = Automatic;
				DEVELOPMENT_TEAM = 37A49A3WRU;
				ENABLE_ON_DEMAND_RESOURCES = NO;
				GENERATE_INFOPLIST_FILE = YES;
				INFOPLIST_FILE = RoonRemoteTV/Info.plist;
				LD_RUNPATH_SEARCH_PATHS = (
					"$(inherited)",
					"@executable_path/Frameworks",
				);
				PRODUCT_BUNDLE_IDENTIFIER = com.djehring.roonremote.tv;
				PRODUCT_NAME = RoonRemoteTV;
				SDKROOT = appletvos;
				TARGETED_DEVICE_FAMILY = 3;
			};
			name = Release;
		};
		A7B8748EB30B24BB190C24AC /* Release */ = {
			isa = XCBuildConfiguration;
			buildSettings = {
				ASSETCATALOG_COMPILER_APPICON_NAME = AppIcon;
				ASSETCATALOG_COMPILER_GLOBAL_ACCENT_COLOR_NAME = AccentColor;
				CODE_SIGN_IDENTITY = "iPhone Developer";
				CODE_SIGN_STYLE = Automatic;
				DEVELOPMENT_TEAM = "";
				GENERATE_INFOPLIST_FILE = YES;
				INFOPLIST_FILE = RoonRemote/Info.plist;
				LD_RUNPATH_SEARCH_PATHS = (
					"$(inherited)",
					"@executable_path/Frameworks",
				);
				PRODUCT_BUNDLE_IDENTIFIER = com.djehring.roonremote;
				PRODUCT_NAME = "Roon Remote";
				SDKROOT = iphoneos;
				SUPPORTS_MACCATALYST = NO;
				TARGETED_DEVICE_FAMILY = "1,2";
			};
			name = Release;
		};
		A95FDB36C5344B71C4F9B4B1 /* Debug */ = {
			isa = XCBuildConfiguration;
			buildSettings = {
				ASSETCATALOG_COMPILER_APPICON_NAME = AppIcon;
				ASSETCATALOG_COMPILER_GLOBAL_ACCENT_COLOR_NAME = AccentColor;
				CODE_SIGN_IDENTITY = "iPhone Developer";
				CODE_SIGN_STYLE = Automatic;
				DEVELOPMENT_TEAM = "";
				GENERATE_INFOPLIST_FILE = YES;
				INFOPLIST_FILE = RoonRemote/Info.plist;
				LD_RUNPATH_SEARCH_PATHS = (
					"$(inherited)",
					"@executable_path/Frameworks",
				);
				PRODUCT_BUNDLE_IDENTIFIER = com.djehring.roonremote;
				PRODUCT_NAME = "Roon Remote";
				SDKROOT = iphoneos;
				SUPPORTS_MACCATALYST = NO;
				TARGETED_DEVICE_FAMILY = "1,2";
			};
			name = Debug;
		};
		C2A28180251344C3673ACC22 /* Debug */ = {
			isa = XCBuildConfiguration;
			buildSettings = {
				ASSETCATALOG_COMPILER_APPICON_NAME = AppIcon;
				CODE_SIGN_ENTITLEMENTS = RoonRemoteWatch/RoonRemoteWatch.entitlements;
				CODE_SIGN_STYLE = Automatic;
				DEVELOPMENT_TEAM = "";
				GENERATE_INFOPLIST_FILE = YES;
				INFOPLIST_FILE = RoonRemoteWatch/Info.plist;
				PRODUCT_BUNDLE_IDENTIFIER = com.djehring.roonremote.watchkitapp;
				PRODUCT_NAME = Roon;
				SDKROOT = watchos;
				SKIP_INSTALL = YES;
				TARGETED_DEVICE_FAMILY = 4;
			};
			name = Debug;
		};
/* End XCBuildConfiguration section */

/* Begin XCConfigurationList section */
		3BE680130AE8D2115EE830FD /* Build configuration list for PBXNativeTarget "RoonRemoteTV" */ = {
			isa = XCConfigurationList;
			buildConfigurations = (
				3C83385752C6BDE094F49DAB /* Debug */,
				8FBE321B5EC9F7ABD6D0F285 /* Release */,
			);
			defaultConfigurationIsVisible = 0;
			defaultConfigurationName = Debug;
		};
		58F297500249D40B0EFB9EE4 /* Build configuration list for PBXNativeTarget "RoonRemoteWatchWidgets" */ = {
			isa = XCConfigurationList;
			buildConfigurations = (
				608A7F7F802B694D350C775A /* Debug */,
				22B0057F028ADCA6CF855F5B /* Release */,
			);
			defaultConfigurationIsVisible = 0;
			defaultConfigurationName = Debug;
		};
		6F85C32FC805C779D8BE9C28 /* Build configuration list for PBXProject "RoonRemote" */ = {
			isa = XCConfigurationList;
			buildConfigurations = (
				6B70690C97AE9ABC5984063E /* Debug */,
				67D2DDD860A4BD7EAB6B4FCF /* Release */,
			);
			defaultConfigurationIsVisible = 0;
			defaultConfigurationName = Debug;
		};
		7D476941A61B78D455B108F8 /* Build configuration list for PBXNativeTarget "RoonRemote" */ = {
			isa = XCConfigurationList;
			buildConfigurations = (
				A95FDB36C5344B71C4F9B4B1 /* Debug */,
				A7B8748EB30B24BB190C24AC /* Release */,
			);
			defaultConfigurationIsVisible = 0;
			defaultConfigurationName = Debug;
		};
		88D26600D1610326DEF7A74B /* Build configuration list for PBXNativeTarget "RoonRemoteWatch" */ = {
			isa = XCConfigurationList;
			buildConfigurations = (
				C2A28180251344C3673ACC22 /* Debug */,
				295269B95493FF6DFE7A60AA /* Release */,
			);
			defaultConfigurationIsVisible = 0;
			defaultConfigurationName = Debug;
		};
		A70269DAE846DE2FAB4D5D36 /* Build configuration list for PBXNativeTarget "RoonRemoteTests" */ = {
			isa = XCConfigurationList;
			buildConfigurations = (
				8DECF43E1BDDD8CD48671945 /* Debug */,
				2246048486B5CBEB012D1A55 /* Release */,
			);
			defaultConfigurationIsVisible = 0;
			defaultConfigurationName = Debug;
		};
/* End XCConfigurationList section */
	};
	rootObject = C9E23412C38A36CF9486780B /* Project object */;
}
